{
  "name": "@npetri/alpinejs-hobbykit",
  "version": "0.1.0",
  "lockfileVersion": 2,
  "requires": true,
  "packages": {
    "": {
      "name": "@npetri/alpinejs-hobbykit",
      "version": "0.1.0",
      "license": "MIT",
      "dependencies": {
        "esbuild": "^0.12.22"
      },
      "devDependencies": {
        "lodash": "^4.17.21",
        "lodash-contrib": "^4.1200.1"
      }
    },
    "node_modules/esbuild": {
      "version": "0.12.29",
      "resolved": "https://registry.npmjs.org/esbuild/-/esbuild-0.12.29.tgz",
      "integrity": "sha512-w/XuoBCSwepyiZtIRsKsetiLDUVGPVw1E/R3VTFSecIy8UR7Cq3SOtwKHJMFoVqqVG36aGkzh4e8BvpO1Fdc7g==",
      "hasInstallScript": true,
      "bin": {
        "esbuild": "bin/esbuild"
      }
    },
    "node_modules/lodash": {
      "version": "4.17.21",
      "resolved": "https://registry.npmjs.org/lodash/-/lodash-4.17.21.tgz",
      "integrity": "sha512-v2kDEe57lecTulaDIuNTPy3Ry4gLGJ6Z1O3vE1krgXZNrsQ+LFTGHVxVjcXPs17LhbZVGedAJv8XZ1tvj5FvSg==",
      "dev": true
    },
    "node_modules/lodash-contrib": {
      "version": "4.1200.1",
      "resolved": "https://registry.npmjs.org/lodash-contrib/-/lodash-contrib-4.1200.1.tgz",
      "integrity": "sha512-5QkRLyRLjc7J3BOqkqW5BkKXVUMhvlDZ5VqDSrGJnipIIY1KsW/vs3rrIzHg3XqBO6Hibc4o8JTLhdJIHr52Wg==",
      "dev": true,
      "dependencies": {
        "lodash": "4.12.x"
      }
    },
    "node_modules/lodash-contrib/node_modules/lodash": {
      "version": "4.12.0",
      "resolved": "https://registry.npmjs.org/lodash/-/lodash-4.12.0.tgz",
      "integrity": "sha512-H7Y9y0h/WibZBZyt9IOEEDaNJCzmpEoUQNB6d/+sHuS6fKFWCRuYSAf5s2mfK3hYrPqHbosJI4/bv0HUf2OvVw==",
      "dev": true
    }
  },
  "dependencies": {
    "esbuild": {
      "version": "0.12.29",
      "resolved": "https://registry.npmjs.org/esbuild/-/esbuild-0.12.29.tgz",
      "integrity": "sha512-w/XuoBCSwepyiZtIRsKsetiLDUVGPVw1E/R3VTFSecIy8UR7Cq3SOtwKHJMFoVqqVG36aGkzh4e8BvpO1Fdc7g=="
    },
    "lodash": {
      "version": "4.17.21",
      "resolved": "https://registry.npmjs.org/lodash/-/lodash-4.17.21.tgz",
      "integrity": "sha512-v2kDEe57lecTulaDIuNTPy3Ry4gLGJ6Z1O3vE1krgXZNrsQ+LFTGHVxVjcXPs17LhbZVGedAJv8XZ1tvj5FvSg==",
      "dev": true
    },
    "lodash-contrib": {
      "version": "4.1200.1",
      "resolved": "https://registry.npmjs.org/lodash-contrib/-/lodash-contrib-4.1200.1.tgz",
      "integrity": "sha512-5QkRLyRLjc7J3BOqkqW5BkKXVUMhvlDZ5VqDSrGJnipIIY1KsW/vs3rrIzHg3XqBO6Hibc4o8JTLhdJIHr52Wg==",
      "dev": true,
      "requires": {
        "lodash": "4.12.x"
      },
      "dependencies": {
        "lodash": {
          "version": "4.12.0",
          "resolved": "https://registry.npmjs.org/lodash/-/lodash-4.12.0.tgz",
          "integrity": "sha512-H7Y9y0h/WibZBZyt9IOEEDaNJCzmpEoUQNB6d/+sHuS6fKFWCRuYSAf5s2mfK3hYrPqHbosJI4/bv0HUf2OvVw==",
          "dev": true
        }
      }
    }
  }
}
